{
  "name": "dist_agent_lang",
  "version": "1.0.3",
  "lockfileVersion": 3,
  "requires": true,
  "packages": {
    "": {
      "name": "dist_agent_lang",
      "version": "1.0.3",
      "hasInstallScript": true,
      "license": "Apache-2.0",
      "bin": {
        "dist_agent_lang": "target/release/dist_agent_lang"
      },
      "devDependencies": {},
      "engines": {
        "node": ">=18.0.0",
        "rust": ">=1.70.0"
      }
    }
  }
}
